
Microsoft Visual Studio Solution File, Format Version 12.00
# Visual Studio Version 16
VisualStudioVersion = 16.0.31321.278
MinimumVisualStudioVersion = 10.0.40219.1
Project("{FAE04EC0-301F-11D3-BF4B-00C04F79EFBC}") = "CaesarCipher", "CaesarCipher\CaesarCipher.csproj", "{C842BA1D-9E56-41C7-9A7C-8EA2F5A8D052}"
EndProject
Global
	GlobalSection(SolutionConfigurationPlatforms) = preSolution
		Debug|Any CPU = Debug|Any CPU
		Release|Any CPU = Release|Any CPU
	EndGlobalSection
	GlobalSection(ProjectConfigurationPlatforms) = postSolution
		{C842BA1D-9E56-41C7-9A7C-8EA2F5A8D052}.Debug|Any CPU.ActiveCfg = Debug|Any CPU
		{C842BA1D-9E56-41C7-9A7C-8EA2F5A8D052}.Debug|Any CPU.Build.0 = Debug|Any CPU
		{C842BA1D-9E56-41C7-9A7C-8EA2F5A8D052}.Release|Any CPU.ActiveCfg = Release|Any CPU
		{C842BA1D-9E56-41C7-9A7C-8EA2F5A8D052}.Release|Any CPU.Build.0 = Release|Any CPU
	EndGlobalSection
	GlobalSection(SolutionProperties) = preSolution
		HideSolutionNode = FALSE
	EndGlobalSection
	GlobalSection(ExtensibilityGlobals) = postSolution
		SolutionGuid = {7E30178D-6792-47D4-9A83-FC849C522D4F}
	EndGlobalSection
EndGlobal
